
Microsoft Visual Studio Solution File, Format Version 12.00
# Visual Studio 15
VisualStudioVersion = 15.0.26124.0
MinimumVisualStudioVersion = 15.0.26124.0
Project("{2150E333-8FDC-42A3-9474-1A3956D46DE8}") = "src", "src", "{22F9EC3E-55E9-4331-8762-F3ED1278DF4C}"
EndProject
Project("{FAE04EC0-301F-11D3-BF4B-00C04F79EFBC}") = "bookmarks", "src\bookmarks\bookmarks.csproj", "{09B7CBDB-9AFC-4A5A-AA3B-6C9ACBBCE931}"
EndProject
Project("{2150E333-8FDC-42A3-9474-1A3956D46DE8}") = "test", "test", "{0FBF98E4-815D-4220-A358-6E05AFD8D293}"
EndProject
Project("{FAE04EC0-301F-11D3-BF4B-00C04F79EFBC}") = "bookmarks.tests", "test\bookmarks.tests\bookmarks.tests.csproj", "{6163D1F1-C820-48F9-9431-E2FF6C3922C5}"
EndProject
Global
	GlobalSection(SolutionConfigurationPlatforms) = preSolution
		Debug|Any CPU = Debug|Any CPU
		Debug|x64 = Debug|x64
		Debug|x86 = Debug|x86
		Release|Any CPU = Release|Any CPU
		Release|x64 = Release|x64
		Release|x86 = Release|x86
	EndGlobalSection
	GlobalSection(SolutionProperties) = preSolution
		HideSolutionNode = FALSE
	EndGlobalSection
	GlobalSection(ProjectConfigurationPlatforms) = postSolution
		{09B7CBDB-9AFC-4A5A-AA3B-6C9ACBBCE931}.Debug|Any CPU.ActiveCfg = Debug|Any CPU
		{09B7CBDB-9AFC-4A5A-AA3B-6C9ACBBCE931}.Debug|Any CPU.Build.0 = Debug|Any CPU
		{09B7CBDB-9AFC-4A5A-AA3B-6C9ACBBCE931}.Debug|x64.ActiveCfg = Debug|Any CPU
		{09B7CBDB-9AFC-4A5A-AA3B-6C9ACBBCE931}.Debug|x64.Build.0 = Debug|Any CPU
		{09B7CBDB-9AFC-4A5A-AA3B-6C9ACBBCE931}.Debug|x86.ActiveCfg = Debug|Any CPU
		{09B7CBDB-9AFC-4A5A-AA3B-6C9ACBBCE931}.Debug|x86.Build.0 = Debug|Any CPU
		{09B7CBDB-9AFC-4A5A-AA3B-6C9ACBBCE931}.Release|Any CPU.ActiveCfg = Release|Any CPU
		{09B7CBDB-9AFC-4A5A-AA3B-6C9ACBBCE931}.Release|Any CPU.Build.0 = Release|Any CPU
		{09B7CBDB-9AFC-4A5A-AA3B-6C9ACBBCE931}.Release|x64.ActiveCfg = Release|Any CPU
		{09B7CBDB-9AFC-4A5A-AA3B-6C9ACBBCE931}.Release|x64.Build.0 = Release|Any CPU
		{09B7CBDB-9AFC-4A5A-AA3B-6C9ACBBCE931}.Release|x86.ActiveCfg = Release|Any CPU
		{09B7CBDB-9AFC-4A5A-AA3B-6C9ACBBCE931}.Release|x86.Build.0 = Release|Any CPU
		{6163D1F1-C820-48F9-9431-E2FF6C3922C5}.Debug|Any CPU.ActiveCfg = Debug|Any CPU
		{6163D1F1-C820-48F9-9431-E2FF6C3922C5}.Debug|Any CPU.Build.0 = Debug|Any CPU
		{6163D1F1-C820-48F9-9431-E2FF6C3922C5}.Debug|x64.ActiveCfg = Debug|Any CPU
		{6163D1F1-C820-48F9-9431-E2FF6C3922C5}.Debug|x64.Build.0 = Debug|Any CPU
		{6163D1F1-C820-48F9-9431-E2FF6C3922C5}.Debug|x86.ActiveCfg = Debug|Any CPU
		{6163D1F1-C820-48F9-9431-E2FF6C3922C5}.Debug|x86.Build.0 = Debug|Any CPU
		{6163D1F1-C820-48F9-9431-E2FF6C3922C5}.Release|Any CPU.ActiveCfg = Release|Any CPU
		{6163D1F1-C820-48F9-9431-E2FF6C3922C5}.Release|Any CPU.Build.0 = Release|Any CPU
		{6163D1F1-C820-48F9-9431-E2FF6C3922C5}.Release|x64.ActiveCfg = Release|Any CPU
		{6163D1F1-C820-48F9-9431-E2FF6C3922C5}.Release|x64.Build.0 = Release|Any CPU
		{6163D1F1-C820-48F9-9431-E2FF6C3922C5}.Release|x86.ActiveCfg = Release|Any CPU
		{6163D1F1-C820-48F9-9431-E2FF6C3922C5}.Release|x86.Build.0 = Release|Any CPU
	EndGlobalSection
	GlobalSection(NestedProjects) = preSolution
		{09B7CBDB-9AFC-4A5A-AA3B-6C9ACBBCE931} = {22F9EC3E-55E9-4331-8762-F3ED1278DF4C}
		{6163D1F1-C820-48F9-9431-E2FF6C3922C5} = {0FBF98E4-815D-4220-A358-6E05AFD8D293}
	EndGlobalSection
EndGlobal
